
Microsoft Visual Studio Solution File, Format Version 12.00
# Visual Studio Version 16
VisualStudioVersion = 16.0.30114.105
MinimumVisualStudioVersion = 10.0.40219.1
Project("{9A19103F-16F7-4668-BE54-9A1E7A4F7556}") = "R5T.L0011", "R5T.L0011\R5T.L0011.csproj", "{12105543-5989-4434-BEEE-DD526AD9084C}"
EndProject
Project("{9A19103F-16F7-4668-BE54-9A1E7A4F7556}") = "R5T.L0011.X000", "R5T.L0011.X000\R5T.L0011.X000.csproj", "{027D6A94-ED8C-478B-9E21-608B48D6EF85}"
EndProject
Project("{2150E333-8FDC-42A3-9474-1A3956D46DE8}") = "_Dependencies", "_Dependencies", "{BBD8E786-C328-4932-920F-4D520242E80F}"
EndProject
Project("{9A19103F-16F7-4668-BE54-9A1E7A4F7556}") = "R5T.Magyar", "..\..\R5T.Magyar\source\R5T.Magyar\R5T.Magyar.csproj", "{2BD5615C-D444-4969-AC96-5B7E779B00E7}"
EndProject
Project("{9A19103F-16F7-4668-BE54-9A1E7A4F7556}") = "R5T.L0011.F003", "R5T.L0011.F003\R5T.L0011.F003.csproj", "{6B6E98DD-A10A-4EF5-AFF4-BED82AB78A39}"
EndProject
Project("{9A19103F-16F7-4668-BE54-9A1E7A4F7556}") = "R5T.T0126", "..\..\R5T.T0126\source\R5T.T0126\R5T.T0126.csproj", "{A10C7740-8C5C-47D1-99DF-5A191E902C1D}"
EndProject
Global
	GlobalSection(SolutionConfigurationPlatforms) = preSolution
		Debug|Any CPU = Debug|Any CPU
		Debug|x64 = Debug|x64
		Debug|x86 = Debug|x86
		Release|Any CPU = Release|Any CPU
		Release|x64 = Release|x64
		Release|x86 = Release|x86
	EndGlobalSection
	GlobalSection(ProjectConfigurationPlatforms) = postSolution
		{12105543-5989-4434-BEEE-DD526AD9084C}.Debug|Any CPU.ActiveCfg = Debug|Any CPU
		{12105543-5989-4434-BEEE-DD526AD9084C}.Debug|Any CPU.Build.0 = Debug|Any CPU
		{12105543-5989-4434-BEEE-DD526AD9084C}.Debug|x64.ActiveCfg = Debug|Any CPU
		{12105543-5989-4434-BEEE-DD526AD9084C}.Debug|x64.Build.0 = Debug|Any CPU
		{12105543-5989-4434-BEEE-DD526AD9084C}.Debug|x86.ActiveCfg = Debug|Any CPU
		{12105543-5989-4434-BEEE-DD526AD9084C}.Debug|x86.Build.0 = Debug|Any CPU
		{12105543-5989-4434-BEEE-DD526AD9084C}.Release|Any CPU.ActiveCfg = Release|Any CPU
		{12105543-5989-4434-BEEE-DD526AD9084C}.Release|Any CPU.Build.0 = Release|Any CPU
		{12105543-5989-4434-BEEE-DD526AD9084C}.Release|x64.ActiveCfg = Release|Any CPU
		{12105543-5989-4434-BEEE-DD526AD9084C}.Release|x64.Build.0 = Release|Any CPU
		{12105543-5989-4434-BEEE-DD526AD9084C}.Release|x86.ActiveCfg = Release|Any CPU
		{12105543-5989-4434-BEEE-DD526AD9084C}.Release|x86.Build.0 = Release|Any CPU
		{027D6A94-ED8C-478B-9E21-608B48D6EF85}.Debug|Any CPU.ActiveCfg = Debug|Any CPU
		{027D6A94-ED8C-478B-9E21-608B48D6EF85}.Debug|Any CPU.Build.0 = Debug|Any CPU
		{027D6A94-ED8C-478B-9E21-608B48D6EF85}.Debug|x64.ActiveCfg = Debug|Any CPU
		{027D6A94-ED8C-478B-9E21-608B48D6EF85}.Debug|x64.Build.0 = Debug|Any CPU
		{027D6A94-ED8C-478B-9E21-608B48D6EF85}.Debug|x86.ActiveCfg = Debug|Any CPU
		{027D6A94-ED8C-478B-9E21-608B48D6EF85}.Debug|x86.Build.0 = Debug|Any CPU
		{027D6A94-ED8C-478B-9E21-608B48D6EF85}.Release|Any CPU.ActiveCfg = Release|Any CPU
		{027D6A94-ED8C-478B-9E21-608B48D6EF85}.Release|Any CPU.Build.0 = Release|Any CPU
		{027D6A94-ED8C-478B-9E21-608B48D6EF85}.Release|x64.ActiveCfg = Release|Any CPU
		{027D6A94-ED8C-478B-9E21-608B48D6EF85}.Release|x64.Build.0 = Release|Any CPU
		{027D6A94-ED8C-478B-9E21-608B48D6EF85}.Release|x86.ActiveCfg = Release|Any CPU
		{027D6A94-ED8C-478B-9E21-608B48D6EF85}.Release|x86.Build.0 = Release|Any CPU
		{2BD5615C-D444-4969-AC96-5B7E779B00E7}.Debug|Any CPU.ActiveCfg = Debug|Any CPU
		{2BD5615C-D444-4969-AC96-5B7E779B00E7}.Debug|Any CPU.Build.0 = Debug|Any CPU
		{2BD5615C-D444-4969-AC96-5B7E779B00E7}.Debug|x64.ActiveCfg = Debug|Any CPU
		{2BD5615C-D444-4969-AC96-5B7E779B00E7}.Debug|x64.Build.0 = Debug|Any CPU
		{2BD5615C-D444-4969-AC96-5B7E779B00E7}.Debug|x86.ActiveCfg = Debug|Any CPU
		{2BD5615C-D444-4969-AC96-5B7E779B00E7}.Debug|x86.Build.0 = Debug|Any CPU
		{2BD5615C-D444-4969-AC96-5B7E779B00E7}.Release|Any CPU.ActiveCfg = Release|Any CPU
		{2BD5615C-D444-4969-AC96-5B7E779B00E7}.Release|Any CPU.Build.0 = Release|Any CPU
		{2BD5615C-D444-4969-AC96-5B7E779B00E7}.Release|x64.ActiveCfg = Release|Any CPU
		{2BD5615C-D444-4969-AC96-5B7E779B00E7}.Release|x64.Build.0 = Release|Any CPU
		{2BD5615C-D444-4969-AC96-5B7E779B00E7}.Release|x86.ActiveCfg = Release|Any CPU
		{2BD5615C-D444-4969-AC96-5B7E779B00E7}.Release|x86.Build.0 = Release|Any CPU
		{6B6E98DD-A10A-4EF5-AFF4-BED82AB78A39}.Debug|Any CPU.ActiveCfg = Debug|Any CPU
		{6B6E98DD-A10A-4EF5-AFF4-BED82AB78A39}.Debug|Any CPU.Build.0 = Debug|Any CPU
		{6B6E98DD-A10A-4EF5-AFF4-BED82AB78A39}.Debug|x64.ActiveCfg = Debug|Any CPU
		{6B6E98DD-A10A-4EF5-AFF4-BED82AB78A39}.Debug|x64.Build.0 = Debug|Any CPU
		{6B6E98DD-A10A-4EF5-AFF4-BED82AB78A39}.Debug|x86.ActiveCfg = Debug|Any CPU
		{6B6E98DD-A10A-4EF5-AFF4-BED82AB78A39}.Debug|x86.Build.0 = Debug|Any CPU
		{6B6E98DD-A10A-4EF5-AFF4-BED82AB78A39}.Release|Any CPU.ActiveCfg = Release|Any CPU
		{6B6E98DD-A10A-4EF5-AFF4-BED82AB78A39}.Release|Any CPU.Build.0 = Release|Any CPU
		{6B6E98DD-A10A-4EF5-AFF4-BED82AB78A39}.Release|x64.ActiveCfg = Release|Any CPU
		{6B6E98DD-A10A-4EF5-AFF4-BED82AB78A39}.Release|x64.Build.0 = Release|Any CPU
		{6B6E98DD-A10A-4EF5-AFF4-BED82AB78A39}.Release|x86.ActiveCfg = Release|Any CPU
		{6B6E98DD-A10A-4EF5-AFF4-BED82AB78A39}.Release|x86.Build.0 = Release|Any CPU
		{A10C7740-8C5C-47D1-99DF-5A191E902C1D}.Debug|Any CPU.ActiveCfg = Debug|Any CPU
		{A10C7740-8C5C-47D1-99DF-5A191E902C1D}.Debug|Any CPU.Build.0 = Debug|Any CPU
		{A10C7740-8C5C-47D1-99DF-5A191E902C1D}.Debug|x64.ActiveCfg = Debug|Any CPU
		{A10C7740-8C5C-47D1-99DF-5A191E902C1D}.Debug|x64.Build.0 = Debug|Any CPU
		{A10C7740-8C5C-47D1-99DF-5A191E902C1D}.Debug|x86.ActiveCfg = Debug|Any CPU
		{A10C7740-8C5C-47D1-99DF-5A191E902C1D}.Debug|x86.Build.0 = Debug|Any CPU
		{A10C7740-8C5C-47D1-99DF-5A191E902C1D}.Release|Any CPU.ActiveCfg = Release|Any CPU
		{A10C7740-8C5C-47D1-99DF-5A191E902C1D}.Release|Any CPU.Build.0 = Release|Any CPU
		{A10C7740-8C5C-47D1-99DF-5A191E902C1D}.Release|x64.ActiveCfg = Release|Any CPU
		{A10C7740-8C5C-47D1-99DF-5A191E902C1D}.Release|x64.Build.0 = Release|Any CPU
		{A10C7740-8C5C-47D1-99DF-5A191E902C1D}.Release|x86.ActiveCfg = Release|Any CPU
		{A10C7740-8C5C-47D1-99DF-5A191E902C1D}.Release|x86.Build.0 = Release|Any CPU
	EndGlobalSection
	GlobalSection(SolutionProperties) = preSolution
		HideSolutionNode = FALSE
	EndGlobalSection
	GlobalSection(NestedProjects) = preSolution
		{2BD5615C-D444-4969-AC96-5B7E779B00E7} = {BBD8E786-C328-4932-920F-4D520242E80F}
		{A10C7740-8C5C-47D1-99DF-5A191E902C1D} = {BBD8E786-C328-4932-920F-4D520242E80F}
	EndGlobalSection
	GlobalSection(ExtensibilityGlobals) = postSolution
		SolutionGuid = {45396D7C-CE81-4AD5-AE22-DF34BABAEA5F}
	EndGlobalSection
EndGlobal
