
Microsoft Visual Studio Solution File, Format Version 12.00
# Visual Studio Version 16
VisualStudioVersion = 16.6.30114.105
MinimumVisualStudioVersion = 10.0.40219.1
Project("{9A19103F-16F7-4668-BE54-9A1E7A4F7556}") = "R5T.L0011.Construction", "R5T.L0011.Construction\R5T.L0011.Construction.csproj", "{48EE61B7-EA5F-4860-B3BB-6A369E87FFAE}"
EndProject
Project("{9A19103F-16F7-4668-BE54-9A1E7A4F7556}") = "R5T.L0011", "R5T.L0011\R5T.L0011.csproj", "{8CE02189-92C7-4A8D-BEBB-1A9639E1DE1B}"
EndProject
Project("{9A19103F-16F7-4668-BE54-9A1E7A4F7556}") = "R5T.L0011.X001", "R5T.L0011.X001\R5T.L0011.X001.csproj", "{857AAB10-DAF8-4516-A302-A4BED8A69AAB}"
EndProject
Project("{9A19103F-16F7-4668-BE54-9A1E7A4F7556}") = "R5T.L0011.T001", "R5T.L0011.T001\R5T.L0011.T001.csproj", "{DB67AA3A-0E3B-4B41-AA4A-0A63F93F7ED8}"
EndProject
Project("{9A19103F-16F7-4668-BE54-9A1E7A4F7556}") = "R5T.L0011.T001.X001", "R5T.L0011.T001.X001\R5T.L0011.T001.X001.csproj", "{D2F3AAA1-80C3-424B-9AFA-11B838BD6066}"
EndProject
Project("{9A19103F-16F7-4668-BE54-9A1E7A4F7556}") = "R5T.L0011.T002", "R5T.L0011.T002\R5T.L0011.T002.csproj", "{AE69E881-BA22-480A-9E30-0E15230B2F39}"
EndProject
Project("{9A19103F-16F7-4668-BE54-9A1E7A4F7556}") = "R5T.L0011.T002.X001", "R5T.L0011.T002.X001\R5T.L0011.T002.X001.csproj", "{AF0F1A0A-E2E2-4521-9333-4F65418436D7}"
EndProject
Project("{9A19103F-16F7-4668-BE54-9A1E7A4F7556}") = "R5T.L0011.X002", "R5T.L0011.X002\R5T.L0011.X002.csproj", "{BE4DECB1-C365-4CBB-A659-2A330661DBF0}"
EndProject
Project("{2150E333-8FDC-42A3-9474-1A3956D46DE8}") = "_Dependencies", "_Dependencies", "{B8A4982C-E434-4B1B-B238-94865DB4E752}"
EndProject
Project("{9A19103F-16F7-4668-BE54-9A1E7A4F7556}") = "R5T.Magyar", "..\..\R5T.Magyar\source\R5T.Magyar\R5T.Magyar.csproj", "{31D5C759-9373-480D-A42D-F18F0D2CE159}"
EndProject
Project("{9A19103F-16F7-4668-BE54-9A1E7A4F7556}") = "R5T.L0011.T003", "R5T.L0011.T003\R5T.L0011.T003.csproj", "{0E035643-168A-4CE2-AA79-CC5E40917CAD}"
EndProject
Project("{9A19103F-16F7-4668-BE54-9A1E7A4F7556}") = "R5T.L0011.T004", "R5T.L0011.T004\R5T.L0011.T004.csproj", "{2B4DC921-6E07-44B7-98E5-2B8B51A44254}"
EndProject
Project("{9A19103F-16F7-4668-BE54-9A1E7A4F7556}") = "R5T.T0034", "..\..\R5T.T0034\source\R5T.T0034\R5T.T0034.csproj", "{6637359A-CC06-425A-9AEA-450672A0814D}"
EndProject
Project("{9A19103F-16F7-4668-BE54-9A1E7A4F7556}") = "R5T.T0034.X009", "..\..\R5T.T0034\source\R5T.T0034.X009\R5T.T0034.X009.csproj", "{7A0D6962-EB96-482F-BD3E-31ADE82ED283}"
EndProject
Project("{9A19103F-16F7-4668-BE54-9A1E7A4F7556}") = "R5T.T0035.X003", "..\..\R5T.T0035\source\R5T.T0035.X003\R5T.T0035.X003.csproj", "{37F3F92F-3EE3-4D27-881B-FF7ED88208E3}"
EndProject
Project("{9A19103F-16F7-4668-BE54-9A1E7A4F7556}") = "R5T.T0035", "..\..\R5T.T0035\source\R5T.T0035\R5T.T0035.csproj", "{B1B2B34A-84D8-47EB-A372-943B41430498}"
EndProject
Project("{9A19103F-16F7-4668-BE54-9A1E7A4F7556}") = "R5T.L0011.X003", "R5T.L0011.X003\R5T.L0011.X003.csproj", "{D79D716F-B874-41DF-B8A4-DD7A5B136D46}"
EndProject
Project("{9A19103F-16F7-4668-BE54-9A1E7A4F7556}") = "R5T.T0039.T002", "..\..\R5T.T0039\source\R5T.T0039.T002\R5T.T0039.T002.csproj", "{91FB7FB9-4FD3-423E-80F9-A9FA903AF259}"
EndProject
Project("{9A19103F-16F7-4668-BE54-9A1E7A4F7556}") = "R5T.L0011.T005", "R5T.L0011.T005\R5T.L0011.T005.csproj", "{FE93589E-21D2-4F8C-92FB-C626575C8703}"
EndProject
Project("{9A19103F-16F7-4668-BE54-9A1E7A4F7556}") = "R5T.L0011.T005.X002", "R5T.L0011.T005.X002\R5T.L0011.T005.X002.csproj", "{B803A70C-AFC5-440E-8E11-592E9B54838B}"
EndProject
Project("{9A19103F-16F7-4668-BE54-9A1E7A4F7556}") = "R5T.T0041.X002", "..\..\R5T.T0041\source\R5T.T0041.X002\R5T.T0041.X002.csproj", "{8E2148B0-963D-4B99-9680-C48C16CC12EB}"
EndProject
Project("{9A19103F-16F7-4668-BE54-9A1E7A4F7556}") = "R5T.T0045", "..\..\R5T.T0045\source\R5T.T0045\R5T.T0045.csproj", "{8DD9870E-A89F-470E-9BEE-8C95E99531A9}"
EndProject
Project("{9A19103F-16F7-4668-BE54-9A1E7A4F7556}") = "R5T.L0011.X004", "R5T.L0011.X004\R5T.L0011.X004.csproj", "{2BC08A28-2D52-44EA-BFB4-7C7C065FDCBF}"
EndProject
Project("{9A19103F-16F7-4668-BE54-9A1E7A4F7556}") = "R5T.Magyar.T002", "..\..\R5T.Magyar\source\R5T.Magyar.T002\R5T.Magyar.T002.csproj", "{2BC84BD5-C34F-48FB-9127-7AD2C0155664}"
EndProject
Project("{9A19103F-16F7-4668-BE54-9A1E7A4F7556}") = "R5T.T0034.X001", "..\..\R5T.T0034\source\R5T.T0034.X001\R5T.T0034.X001.csproj", "{82BD322B-A07F-4231-A8CE-EF0F3EF2790F}"
EndProject
Project("{9A19103F-16F7-4668-BE54-9A1E7A4F7556}") = "R5T.T0049", "..\..\R5T.T0049\source\R5T.T0049\R5T.T0049.csproj", "{13943E07-113D-4233-9E68-42B602735B92}"
EndProject
Project("{9A19103F-16F7-4668-BE54-9A1E7A4F7556}") = "R5T.T0049.X001", "..\..\R5T.T0049\source\R5T.T0049.X001\R5T.T0049.X001.csproj", "{485D991C-F650-45F3-9C4C-A3C81EA57F2A}"
EndProject
Project("{9A19103F-16F7-4668-BE54-9A1E7A4F7556}") = "R5T.Magyar.T002.X000", "..\..\R5T.Magyar\source\R5T.Magyar.T002.X000\R5T.Magyar.T002.X000.csproj", "{691F5B61-BF11-4B4E-A2B2-08F8B6EFBCEE}"
EndProject
Project("{9A19103F-16F7-4668-BE54-9A1E7A4F7556}") = "R5T.T0021.X003", "..\..\R5T.T0021\source\R5T.T0021.X003\R5T.T0021.X003.csproj", "{B09BD43D-F966-49A7-85D0-6D63B822E9F5}"
EndProject
Project("{9A19103F-16F7-4668-BE54-9A1E7A4F7556}") = "R5T.T0021", "..\..\R5T.T0021\source\R5T.T0021\R5T.T0021.csproj", "{A9D979F1-6BAE-41BD-9CBD-9422346EE46A}"
EndProject
Project("{9A19103F-16F7-4668-BE54-9A1E7A4F7556}") = "R5T.T0042.X001", "..\..\R5T.T0042\source\R5T.T0042.X001\R5T.T0042.X001.csproj", "{098B6D1A-D7DA-4158-99C9-7F46CEC007BC}"
EndProject
Project("{9A19103F-16F7-4668-BE54-9A1E7A4F7556}") = "R5T.T0042", "..\..\R5T.T0042\source\R5T.T0042\R5T.T0042.csproj", "{E6DC3623-3C96-403B-9E91-21F678C8D981}"
EndProject
Project("{9A19103F-16F7-4668-BE54-9A1E7A4F7556}") = "R5T.T0041.X001", "..\..\R5T.T0041\source\R5T.T0041.X001\R5T.T0041.X001.csproj", "{4EF9507D-A334-4E39-9CD5-F6FFEE2CCF14}"
EndProject
Project("{9A19103F-16F7-4668-BE54-9A1E7A4F7556}") = "R5T.T0041", "..\..\R5T.T0041\source\R5T.T0041\R5T.T0041.csproj", "{736DD9AB-7F2F-41F9-8BA7-4C0E692B72BB}"
EndProject
Project("{9A19103F-16F7-4668-BE54-9A1E7A4F7556}") = "R5T.T0036", "..\..\R5T.T0036\source\R5T.T0036\R5T.T0036.csproj", "{67AA0872-4F6D-4752-BB4F-8FD442C095B4}"
EndProject
Project("{9A19103F-16F7-4668-BE54-9A1E7A4F7556}") = "R5T.Stagira", "..\..\R5T.Stagira\source\R5T.Stagira\R5T.Stagira.csproj", "{CAA8BC9F-2522-464C-BFFE-5DA3CD9FEA9E}"
EndProject
Project("{9A19103F-16F7-4668-BE54-9A1E7A4F7556}") = "R5T.L0011.T002.X002", "R5T.L0011.T002.X002\R5T.L0011.T002.X002.csproj", "{DEADEDB9-02E4-402D-8570-38B968EEB517}"
EndProject
Project("{9A19103F-16F7-4668-BE54-9A1E7A4F7556}") = "R5T.T0121.X001", "..\..\R5T.T0121\source\R5T.T0121.X001\R5T.T0121.X001.csproj", "{F084D4FA-1484-4CEE-9197-29ABAB8CCD31}"
EndProject
Global
	GlobalSection(SolutionConfigurationPlatforms) = preSolution
		Debug|Any CPU = Debug|Any CPU
		Debug|x64 = Debug|x64
		Debug|x86 = Debug|x86
		Release|Any CPU = Release|Any CPU
		Release|x64 = Release|x64
		Release|x86 = Release|x86
	EndGlobalSection
	GlobalSection(ProjectConfigurationPlatforms) = postSolution
		{48EE61B7-EA5F-4860-B3BB-6A369E87FFAE}.Debug|Any CPU.ActiveCfg = Debug|Any CPU
		{48EE61B7-EA5F-4860-B3BB-6A369E87FFAE}.Debug|Any CPU.Build.0 = Debug|Any CPU
		{48EE61B7-EA5F-4860-B3BB-6A369E87FFAE}.Debug|x64.ActiveCfg = Debug|Any CPU
		{48EE61B7-EA5F-4860-B3BB-6A369E87FFAE}.Debug|x64.Build.0 = Debug|Any CPU
		{48EE61B7-EA5F-4860-B3BB-6A369E87FFAE}.Debug|x86.ActiveCfg = Debug|Any CPU
		{48EE61B7-EA5F-4860-B3BB-6A369E87FFAE}.Debug|x86.Build.0 = Debug|Any CPU
		{48EE61B7-EA5F-4860-B3BB-6A369E87FFAE}.Release|Any CPU.ActiveCfg = Release|Any CPU
		{48EE61B7-EA5F-4860-B3BB-6A369E87FFAE}.Release|Any CPU.Build.0 = Release|Any CPU
		{48EE61B7-EA5F-4860-B3BB-6A369E87FFAE}.Release|x64.ActiveCfg = Release|Any CPU
		{48EE61B7-EA5F-4860-B3BB-6A369E87FFAE}.Release|x64.Build.0 = Release|Any CPU
		{48EE61B7-EA5F-4860-B3BB-6A369E87FFAE}.Release|x86.ActiveCfg = Release|Any CPU
		{48EE61B7-EA5F-4860-B3BB-6A369E87FFAE}.Release|x86.Build.0 = Release|Any CPU
		{8CE02189-92C7-4A8D-BEBB-1A9639E1DE1B}.Debug|Any CPU.ActiveCfg = Debug|Any CPU
		{8CE02189-92C7-4A8D-BEBB-1A9639E1DE1B}.Debug|Any CPU.Build.0 = Debug|Any CPU
		{8CE02189-92C7-4A8D-BEBB-1A9639E1DE1B}.Debug|x64.ActiveCfg = Debug|Any CPU
		{8CE02189-92C7-4A8D-BEBB-1A9639E1DE1B}.Debug|x64.Build.0 = Debug|Any CPU
		{8CE02189-92C7-4A8D-BEBB-1A9639E1DE1B}.Debug|x86.ActiveCfg = Debug|Any CPU
		{8CE02189-92C7-4A8D-BEBB-1A9639E1DE1B}.Debug|x86.Build.0 = Debug|Any CPU
		{8CE02189-92C7-4A8D-BEBB-1A9639E1DE1B}.Release|Any CPU.ActiveCfg = Release|Any CPU
		{8CE02189-92C7-4A8D-BEBB-1A9639E1DE1B}.Release|Any CPU.Build.0 = Release|Any CPU
		{8CE02189-92C7-4A8D-BEBB-1A9639E1DE1B}.Release|x64.ActiveCfg = Release|Any CPU
		{8CE02189-92C7-4A8D-BEBB-1A9639E1DE1B}.Release|x64.Build.0 = Release|Any CPU
		{8CE02189-92C7-4A8D-BEBB-1A9639E1DE1B}.Release|x86.ActiveCfg = Release|Any CPU
		{8CE02189-92C7-4A8D-BEBB-1A9639E1DE1B}.Release|x86.Build.0 = Release|Any CPU
		{857AAB10-DAF8-4516-A302-A4BED8A69AAB}.Debug|Any CPU.ActiveCfg = Debug|Any CPU
		{857AAB10-DAF8-4516-A302-A4BED8A69AAB}.Debug|Any CPU.Build.0 = Debug|Any CPU
		{857AAB10-DAF8-4516-A302-A4BED8A69AAB}.Debug|x64.ActiveCfg = Debug|Any CPU
		{857AAB10-DAF8-4516-A302-A4BED8A69AAB}.Debug|x64.Build.0 = Debug|Any CPU
		{857AAB10-DAF8-4516-A302-A4BED8A69AAB}.Debug|x86.ActiveCfg = Debug|Any CPU
		{857AAB10-DAF8-4516-A302-A4BED8A69AAB}.Debug|x86.Build.0 = Debug|Any CPU
		{857AAB10-DAF8-4516-A302-A4BED8A69AAB}.Release|Any CPU.ActiveCfg = Release|Any CPU
		{857AAB10-DAF8-4516-A302-A4BED8A69AAB}.Release|Any CPU.Build.0 = Release|Any CPU
		{857AAB10-DAF8-4516-A302-A4BED8A69AAB}.Release|x64.ActiveCfg = Release|Any CPU
		{857AAB10-DAF8-4516-A302-A4BED8A69AAB}.Release|x64.Build.0 = Release|Any CPU
		{857AAB10-DAF8-4516-A302-A4BED8A69AAB}.Release|x86.ActiveCfg = Release|Any CPU
		{857AAB10-DAF8-4516-A302-A4BED8A69AAB}.Release|x86.Build.0 = Release|Any CPU
		{DB67AA3A-0E3B-4B41-AA4A-0A63F93F7ED8}.Debug|Any CPU.ActiveCfg = Debug|Any CPU
		{DB67AA3A-0E3B-4B41-AA4A-0A63F93F7ED8}.Debug|Any CPU.Build.0 = Debug|Any CPU
		{DB67AA3A-0E3B-4B41-AA4A-0A63F93F7ED8}.Debug|x64.ActiveCfg = Debug|Any CPU
		{DB67AA3A-0E3B-4B41-AA4A-0A63F93F7ED8}.Debug|x64.Build.0 = Debug|Any CPU
		{DB67AA3A-0E3B-4B41-AA4A-0A63F93F7ED8}.Debug|x86.ActiveCfg = Debug|Any CPU
		{DB67AA3A-0E3B-4B41-AA4A-0A63F93F7ED8}.Debug|x86.Build.0 = Debug|Any CPU
		{DB67AA3A-0E3B-4B41-AA4A-0A63F93F7ED8}.Release|Any CPU.ActiveCfg = Release|Any CPU
		{DB67AA3A-0E3B-4B41-AA4A-0A63F93F7ED8}.Release|Any CPU.Build.0 = Release|Any CPU
		{DB67AA3A-0E3B-4B41-AA4A-0A63F93F7ED8}.Release|x64.ActiveCfg = Release|Any CPU
		{DB67AA3A-0E3B-4B41-AA4A-0A63F93F7ED8}.Release|x64.Build.0 = Release|Any CPU
		{DB67AA3A-0E3B-4B41-AA4A-0A63F93F7ED8}.Release|x86.ActiveCfg = Release|Any CPU
		{DB67AA3A-0E3B-4B41-AA4A-0A63F93F7ED8}.Release|x86.Build.0 = Release|Any CPU
		{D2F3AAA1-80C3-424B-9AFA-11B838BD6066}.Debug|Any CPU.ActiveCfg = Debug|Any CPU
		{D2F3AAA1-80C3-424B-9AFA-11B838BD6066}.Debug|Any CPU.Build.0 = Debug|Any CPU
		{D2F3AAA1-80C3-424B-9AFA-11B838BD6066}.Debug|x64.ActiveCfg = Debug|Any CPU
		{D2F3AAA1-80C3-424B-9AFA-11B838BD6066}.Debug|x64.Build.0 = Debug|Any CPU
		{D2F3AAA1-80C3-424B-9AFA-11B838BD6066}.Debug|x86.ActiveCfg = Debug|Any CPU
		{D2F3AAA1-80C3-424B-9AFA-11B838BD6066}.Debug|x86.Build.0 = Debug|Any CPU
		{D2F3AAA1-80C3-424B-9AFA-11B838BD6066}.Release|Any CPU.ActiveCfg = Release|Any CPU
		{D2F3AAA1-80C3-424B-9AFA-11B838BD6066}.Release|Any CPU.Build.0 = Release|Any CPU
		{D2F3AAA1-80C3-424B-9AFA-11B838BD6066}.Release|x64.ActiveCfg = Release|Any CPU
		{D2F3AAA1-80C3-424B-9AFA-11B838BD6066}.Release|x64.Build.0 = Release|Any CPU
		{D2F3AAA1-80C3-424B-9AFA-11B838BD6066}.Release|x86.ActiveCfg = Release|Any CPU
		{D2F3AAA1-80C3-424B-9AFA-11B838BD6066}.Release|x86.Build.0 = Release|Any CPU
		{AE69E881-BA22-480A-9E30-0E15230B2F39}.Debug|Any CPU.ActiveCfg = Debug|Any CPU
		{AE69E881-BA22-480A-9E30-0E15230B2F39}.Debug|Any CPU.Build.0 = Debug|Any CPU
		{AE69E881-BA22-480A-9E30-0E15230B2F39}.Debug|x64.ActiveCfg = Debug|Any CPU
		{AE69E881-BA22-480A-9E30-0E15230B2F39}.Debug|x64.Build.0 = Debug|Any CPU
		{AE69E881-BA22-480A-9E30-0E15230B2F39}.Debug|x86.ActiveCfg = Debug|Any CPU
		{AE69E881-BA22-480A-9E30-0E15230B2F39}.Debug|x86.Build.0 = Debug|Any CPU
		{AE69E881-BA22-480A-9E30-0E15230B2F39}.Release|Any CPU.ActiveCfg = Release|Any CPU
		{AE69E881-BA22-480A-9E30-0E15230B2F39}.Release|Any CPU.Build.0 = Release|Any CPU
		{AE69E881-BA22-480A-9E30-0E15230B2F39}.Release|x64.ActiveCfg = Release|Any CPU
		{AE69E881-BA22-480A-9E30-0E15230B2F39}.Release|x64.Build.0 = Release|Any CPU
		{AE69E881-BA22-480A-9E30-0E15230B2F39}.Release|x86.ActiveCfg = Release|Any CPU
		{AE69E881-BA22-480A-9E30-0E15230B2F39}.Release|x86.Build.0 = Release|Any CPU
		{AF0F1A0A-E2E2-4521-9333-4F65418436D7}.Debug|Any CPU.ActiveCfg = Debug|Any CPU
		{AF0F1A0A-E2E2-4521-9333-4F65418436D7}.Debug|Any CPU.Build.0 = Debug|Any CPU
		{AF0F1A0A-E2E2-4521-9333-4F65418436D7}.Debug|x64.ActiveCfg = Debug|Any CPU
		{AF0F1A0A-E2E2-4521-9333-4F65418436D7}.Debug|x64.Build.0 = Debug|Any CPU
		{AF0F1A0A-E2E2-4521-9333-4F65418436D7}.Debug|x86.ActiveCfg = Debug|Any CPU
		{AF0F1A0A-E2E2-4521-9333-4F65418436D7}.Debug|x86.Build.0 = Debug|Any CPU
		{AF0F1A0A-E2E2-4521-9333-4F65418436D7}.Release|Any CPU.ActiveCfg = Release|Any CPU
		{AF0F1A0A-E2E2-4521-9333-4F65418436D7}.Release|Any CPU.Build.0 = Release|Any CPU
		{AF0F1A0A-E2E2-4521-9333-4F65418436D7}.Release|x64.ActiveCfg = Release|Any CPU
		{AF0F1A0A-E2E2-4521-9333-4F65418436D7}.Release|x64.Build.0 = Release|Any CPU
		{AF0F1A0A-E2E2-4521-9333-4F65418436D7}.Release|x86.ActiveCfg = Release|Any CPU
		{AF0F1A0A-E2E2-4521-9333-4F65418436D7}.Release|x86.Build.0 = Release|Any CPU
		{BE4DECB1-C365-4CBB-A659-2A330661DBF0}.Debug|Any CPU.ActiveCfg = Debug|Any CPU
		{BE4DECB1-C365-4CBB-A659-2A330661DBF0}.Debug|Any CPU.Build.0 = Debug|Any CPU
		{BE4DECB1-C365-4CBB-A659-2A330661DBF0}.Debug|x64.ActiveCfg = Debug|Any CPU
		{BE4DECB1-C365-4CBB-A659-2A330661DBF0}.Debug|x64.Build.0 = Debug|Any CPU
		{BE4DECB1-C365-4CBB-A659-2A330661DBF0}.Debug|x86.ActiveCfg = Debug|Any CPU
		{BE4DECB1-C365-4CBB-A659-2A330661DBF0}.Debug|x86.Build.0 = Debug|Any CPU
		{BE4DECB1-C365-4CBB-A659-2A330661DBF0}.Release|Any CPU.ActiveCfg = Release|Any CPU
		{BE4DECB1-C365-4CBB-A659-2A330661DBF0}.Release|Any CPU.Build.0 = Release|Any CPU
		{BE4DECB1-C365-4CBB-A659-2A330661DBF0}.Release|x64.ActiveCfg = Release|Any CPU
		{BE4DECB1-C365-4CBB-A659-2A330661DBF0}.Release|x64.Build.0 = Release|Any CPU
		{BE4DECB1-C365-4CBB-A659-2A330661DBF0}.Release|x86.ActiveCfg = Release|Any CPU
		{BE4DECB1-C365-4CBB-A659-2A330661DBF0}.Release|x86.Build.0 = Release|Any CPU
		{31D5C759-9373-480D-A42D-F18F0D2CE159}.Debug|Any CPU.ActiveCfg = Debug|Any CPU
		{31D5C759-9373-480D-A42D-F18F0D2CE159}.Debug|Any CPU.Build.0 = Debug|Any CPU
		{31D5C759-9373-480D-A42D-F18F0D2CE159}.Debug|x64.ActiveCfg = Debug|Any CPU
		{31D5C759-9373-480D-A42D-F18F0D2CE159}.Debug|x64.Build.0 = Debug|Any CPU
		{31D5C759-9373-480D-A42D-F18F0D2CE159}.Debug|x86.ActiveCfg = Debug|Any CPU
		{31D5C759-9373-480D-A42D-F18F0D2CE159}.Debug|x86.Build.0 = Debug|Any CPU
		{31D5C759-9373-480D-A42D-F18F0D2CE159}.Release|Any CPU.ActiveCfg = Release|Any CPU
		{31D5C759-9373-480D-A42D-F18F0D2CE159}.Release|Any CPU.Build.0 = Release|Any CPU
		{31D5C759-9373-480D-A42D-F18F0D2CE159}.Release|x64.ActiveCfg = Release|Any CPU
		{31D5C759-9373-480D-A42D-F18F0D2CE159}.Release|x64.Build.0 = Release|Any CPU
		{31D5C759-9373-480D-A42D-F18F0D2CE159}.Release|x86.ActiveCfg = Release|Any CPU
		{31D5C759-9373-480D-A42D-F18F0D2CE159}.Release|x86.Build.0 = Release|Any CPU
		{0E035643-168A-4CE2-AA79-CC5E40917CAD}.Debug|Any CPU.ActiveCfg = Debug|Any CPU
		{0E035643-168A-4CE2-AA79-CC5E40917CAD}.Debug|Any CPU.Build.0 = Debug|Any CPU
		{0E035643-168A-4CE2-AA79-CC5E40917CAD}.Debug|x64.ActiveCfg = Debug|Any CPU
		{0E035643-168A-4CE2-AA79-CC5E40917CAD}.Debug|x64.Build.0 = Debug|Any CPU
		{0E035643-168A-4CE2-AA79-CC5E40917CAD}.Debug|x86.ActiveCfg = Debug|Any CPU
		{0E035643-168A-4CE2-AA79-CC5E40917CAD}.Debug|x86.Build.0 = Debug|Any CPU
		{0E035643-168A-4CE2-AA79-CC5E40917CAD}.Release|Any CPU.ActiveCfg = Release|Any CPU
		{0E035643-168A-4CE2-AA79-CC5E40917CAD}.Release|Any CPU.Build.0 = Release|Any CPU
		{0E035643-168A-4CE2-AA79-CC5E40917CAD}.Release|x64.ActiveCfg = Release|Any CPU
		{0E035643-168A-4CE2-AA79-CC5E40917CAD}.Release|x64.Build.0 = Release|Any CPU
		{0E035643-168A-4CE2-AA79-CC5E40917CAD}.Release|x86.ActiveCfg = Release|Any CPU
		{0E035643-168A-4CE2-AA79-CC5E40917CAD}.Release|x86.Build.0 = Release|Any CPU
		{2B4DC921-6E07-44B7-98E5-2B8B51A44254}.Debug|Any CPU.ActiveCfg = Debug|Any CPU
		{2B4DC921-6E07-44B7-98E5-2B8B51A44254}.Debug|Any CPU.Build.0 = Debug|Any CPU
		{2B4DC921-6E07-44B7-98E5-2B8B51A44254}.Debug|x64.ActiveCfg = Debug|Any CPU
		{2B4DC921-6E07-44B7-98E5-2B8B51A44254}.Debug|x64.Build.0 = Debug|Any CPU
		{2B4DC921-6E07-44B7-98E5-2B8B51A44254}.Debug|x86.ActiveCfg = Debug|Any CPU
		{2B4DC921-6E07-44B7-98E5-2B8B51A44254}.Debug|x86.Build.0 = Debug|Any CPU
		{2B4DC921-6E07-44B7-98E5-2B8B51A44254}.Release|Any CPU.ActiveCfg = Release|Any CPU
		{2B4DC921-6E07-44B7-98E5-2B8B51A44254}.Release|Any CPU.Build.0 = Release|Any CPU
		{2B4DC921-6E07-44B7-98E5-2B8B51A44254}.Release|x64.ActiveCfg = Release|Any CPU
		{2B4DC921-6E07-44B7-98E5-2B8B51A44254}.Release|x64.Build.0 = Release|Any CPU
		{2B4DC921-6E07-44B7-98E5-2B8B51A44254}.Release|x86.ActiveCfg = Release|Any CPU
		{2B4DC921-6E07-44B7-98E5-2B8B51A44254}.Release|x86.Build.0 = Release|Any CPU
		{6637359A-CC06-425A-9AEA-450672A0814D}.Debug|Any CPU.ActiveCfg = Debug|Any CPU
		{6637359A-CC06-425A-9AEA-450672A0814D}.Debug|Any CPU.Build.0 = Debug|Any CPU
		{6637359A-CC06-425A-9AEA-450672A0814D}.Debug|x64.ActiveCfg = Debug|Any CPU
		{6637359A-CC06-425A-9AEA-450672A0814D}.Debug|x64.Build.0 = Debug|Any CPU
		{6637359A-CC06-425A-9AEA-450672A0814D}.Debug|x86.ActiveCfg = Debug|Any CPU
		{6637359A-CC06-425A-9AEA-450672A0814D}.Debug|x86.Build.0 = Debug|Any CPU
		{6637359A-CC06-425A-9AEA-450672A0814D}.Release|Any CPU.ActiveCfg = Release|Any CPU
		{6637359A-CC06-425A-9AEA-450672A0814D}.Release|Any CPU.Build.0 = Release|Any CPU
		{6637359A-CC06-425A-9AEA-450672A0814D}.Release|x64.ActiveCfg = Release|Any CPU
		{6637359A-CC06-425A-9AEA-450672A0814D}.Release|x64.Build.0 = Release|Any CPU
		{6637359A-CC06-425A-9AEA-450672A0814D}.Release|x86.ActiveCfg = Release|Any CPU
		{6637359A-CC06-425A-9AEA-450672A0814D}.Release|x86.Build.0 = Release|Any CPU
		{7A0D6962-EB96-482F-BD3E-31ADE82ED283}.Debug|Any CPU.ActiveCfg = Debug|Any CPU
		{7A0D6962-EB96-482F-BD3E-31ADE82ED283}.Debug|Any CPU.Build.0 = Debug|Any CPU
		{7A0D6962-EB96-482F-BD3E-31ADE82ED283}.Debug|x64.ActiveCfg = Debug|Any CPU
		{7A0D6962-EB96-482F-BD3E-31ADE82ED283}.Debug|x64.Build.0 = Debug|Any CPU
		{7A0D6962-EB96-482F-BD3E-31ADE82ED283}.Debug|x86.ActiveCfg = Debug|Any CPU
		{7A0D6962-EB96-482F-BD3E-31ADE82ED283}.Debug|x86.Build.0 = Debug|Any CPU
		{7A0D6962-EB96-482F-BD3E-31ADE82ED283}.Release|Any CPU.ActiveCfg = Release|Any CPU
		{7A0D6962-EB96-482F-BD3E-31ADE82ED283}.Release|Any CPU.Build.0 = Release|Any CPU
		{7A0D6962-EB96-482F-BD3E-31ADE82ED283}.Release|x64.ActiveCfg = Release|Any CPU
		{7A0D6962-EB96-482F-BD3E-31ADE82ED283}.Release|x64.Build.0 = Release|Any CPU
		{7A0D6962-EB96-482F-BD3E-31ADE82ED283}.Release|x86.ActiveCfg = Release|Any CPU
		{7A0D6962-EB96-482F-BD3E-31ADE82ED283}.Release|x86.Build.0 = Release|Any CPU
		{37F3F92F-3EE3-4D27-881B-FF7ED88208E3}.Debug|Any CPU.ActiveCfg = Debug|Any CPU
		{37F3F92F-3EE3-4D27-881B-FF7ED88208E3}.Debug|Any CPU.Build.0 = Debug|Any CPU
		{37F3F92F-3EE3-4D27-881B-FF7ED88208E3}.Debug|x64.ActiveCfg = Debug|Any CPU
		{37F3F92F-3EE3-4D27-881B-FF7ED88208E3}.Debug|x64.Build.0 = Debug|Any CPU
		{37F3F92F-3EE3-4D27-881B-FF7ED88208E3}.Debug|x86.ActiveCfg = Debug|Any CPU
		{37F3F92F-3EE3-4D27-881B-FF7ED88208E3}.Debug|x86.Build.0 = Debug|Any CPU
		{37F3F92F-3EE3-4D27-881B-FF7ED88208E3}.Release|Any CPU.ActiveCfg = Release|Any CPU
		{37F3F92F-3EE3-4D27-881B-FF7ED88208E3}.Release|Any CPU.Build.0 = Release|Any CPU
		{37F3F92F-3EE3-4D27-881B-FF7ED88208E3}.Release|x64.ActiveCfg = Release|Any CPU
		{37F3F92F-3EE3-4D27-881B-FF7ED88208E3}.Release|x64.Build.0 = Release|Any CPU
		{37F3F92F-3EE3-4D27-881B-FF7ED88208E3}.Release|x86.ActiveCfg = Release|Any CPU
		{37F3F92F-3EE3-4D27-881B-FF7ED88208E3}.Release|x86.Build.0 = Release|Any CPU
		{B1B2B34A-84D8-47EB-A372-943B41430498}.Debug|Any CPU.ActiveCfg = Debug|Any CPU
		{B1B2B34A-84D8-47EB-A372-943B41430498}.Debug|Any CPU.Build.0 = Debug|Any CPU
		{B1B2B34A-84D8-47EB-A372-943B41430498}.Debug|x64.ActiveCfg = Debug|Any CPU
		{B1B2B34A-84D8-47EB-A372-943B41430498}.Debug|x64.Build.0 = Debug|Any CPU
		{B1B2B34A-84D8-47EB-A372-943B41430498}.Debug|x86.ActiveCfg = Debug|Any CPU
		{B1B2B34A-84D8-47EB-A372-943B41430498}.Debug|x86.Build.0 = Debug|Any CPU
		{B1B2B34A-84D8-47EB-A372-943B41430498}.Release|Any CPU.ActiveCfg = Release|Any CPU
		{B1B2B34A-84D8-47EB-A372-943B41430498}.Release|Any CPU.Build.0 = Release|Any CPU
		{B1B2B34A-84D8-47EB-A372-943B41430498}.Release|x64.ActiveCfg = Release|Any CPU
		{B1B2B34A-84D8-47EB-A372-943B41430498}.Release|x64.Build.0 = Release|Any CPU
		{B1B2B34A-84D8-47EB-A372-943B41430498}.Release|x86.ActiveCfg = Release|Any CPU
		{B1B2B34A-84D8-47EB-A372-943B41430498}.Release|x86.Build.0 = Release|Any CPU
		{D79D716F-B874-41DF-B8A4-DD7A5B136D46}.Debug|Any CPU.ActiveCfg = Debug|Any CPU
		{D79D716F-B874-41DF-B8A4-DD7A5B136D46}.Debug|Any CPU.Build.0 = Debug|Any CPU
		{D79D716F-B874-41DF-B8A4-DD7A5B136D46}.Debug|x64.ActiveCfg = Debug|Any CPU
		{D79D716F-B874-41DF-B8A4-DD7A5B136D46}.Debug|x64.Build.0 = Debug|Any CPU
		{D79D716F-B874-41DF-B8A4-DD7A5B136D46}.Debug|x86.ActiveCfg = Debug|Any CPU
		{D79D716F-B874-41DF-B8A4-DD7A5B136D46}.Debug|x86.Build.0 = Debug|Any CPU
		{D79D716F-B874-41DF-B8A4-DD7A5B136D46}.Release|Any CPU.ActiveCfg = Release|Any CPU
		{D79D716F-B874-41DF-B8A4-DD7A5B136D46}.Release|Any CPU.Build.0 = Release|Any CPU
		{D79D716F-B874-41DF-B8A4-DD7A5B136D46}.Release|x64.ActiveCfg = Release|Any CPU
		{D79D716F-B874-41DF-B8A4-DD7A5B136D46}.Release|x64.Build.0 = Release|Any CPU
		{D79D716F-B874-41DF-B8A4-DD7A5B136D46}.Release|x86.ActiveCfg = Release|Any CPU
		{D79D716F-B874-41DF-B8A4-DD7A5B136D46}.Release|x86.Build.0 = Release|Any CPU
		{91FB7FB9-4FD3-423E-80F9-A9FA903AF259}.Debug|Any CPU.ActiveCfg = Debug|Any CPU
		{91FB7FB9-4FD3-423E-80F9-A9FA903AF259}.Debug|Any CPU.Build.0 = Debug|Any CPU
		{91FB7FB9-4FD3-423E-80F9-A9FA903AF259}.Debug|x64.ActiveCfg = Debug|Any CPU
		{91FB7FB9-4FD3-423E-80F9-A9FA903AF259}.Debug|x64.Build.0 = Debug|Any CPU
		{91FB7FB9-4FD3-423E-80F9-A9FA903AF259}.Debug|x86.ActiveCfg = Debug|Any CPU
		{91FB7FB9-4FD3-423E-80F9-A9FA903AF259}.Debug|x86.Build.0 = Debug|Any CPU
		{91FB7FB9-4FD3-423E-80F9-A9FA903AF259}.Release|Any CPU.ActiveCfg = Release|Any CPU
		{91FB7FB9-4FD3-423E-80F9-A9FA903AF259}.Release|Any CPU.Build.0 = Release|Any CPU
		{91FB7FB9-4FD3-423E-80F9-A9FA903AF259}.Release|x64.ActiveCfg = Release|Any CPU
		{91FB7FB9-4FD3-423E-80F9-A9FA903AF259}.Release|x64.Build.0 = Release|Any CPU
		{91FB7FB9-4FD3-423E-80F9-A9FA903AF259}.Release|x86.ActiveCfg = Release|Any CPU
		{91FB7FB9-4FD3-423E-80F9-A9FA903AF259}.Release|x86.Build.0 = Release|Any CPU
		{FE93589E-21D2-4F8C-92FB-C626575C8703}.Debug|Any CPU.ActiveCfg = Debug|Any CPU
		{FE93589E-21D2-4F8C-92FB-C626575C8703}.Debug|Any CPU.Build.0 = Debug|Any CPU
		{FE93589E-21D2-4F8C-92FB-C626575C8703}.Debug|x64.ActiveCfg = Debug|Any CPU
		{FE93589E-21D2-4F8C-92FB-C626575C8703}.Debug|x64.Build.0 = Debug|Any CPU
		{FE93589E-21D2-4F8C-92FB-C626575C8703}.Debug|x86.ActiveCfg = Debug|Any CPU
		{FE93589E-21D2-4F8C-92FB-C626575C8703}.Debug|x86.Build.0 = Debug|Any CPU
		{FE93589E-21D2-4F8C-92FB-C626575C8703}.Release|Any CPU.ActiveCfg = Release|Any CPU
		{FE93589E-21D2-4F8C-92FB-C626575C8703}.Release|Any CPU.Build.0 = Release|Any CPU
		{FE93589E-21D2-4F8C-92FB-C626575C8703}.Release|x64.ActiveCfg = Release|Any CPU
		{FE93589E-21D2-4F8C-92FB-C626575C8703}.Release|x64.Build.0 = Release|Any CPU
		{FE93589E-21D2-4F8C-92FB-C626575C8703}.Release|x86.ActiveCfg = Release|Any CPU
		{FE93589E-21D2-4F8C-92FB-C626575C8703}.Release|x86.Build.0 = Release|Any CPU
		{B803A70C-AFC5-440E-8E11-592E9B54838B}.Debug|Any CPU.ActiveCfg = Debug|Any CPU
		{B803A70C-AFC5-440E-8E11-592E9B54838B}.Debug|Any CPU.Build.0 = Debug|Any CPU
		{B803A70C-AFC5-440E-8E11-592E9B54838B}.Debug|x64.ActiveCfg = Debug|Any CPU
		{B803A70C-AFC5-440E-8E11-592E9B54838B}.Debug|x64.Build.0 = Debug|Any CPU
		{B803A70C-AFC5-440E-8E11-592E9B54838B}.Debug|x86.ActiveCfg = Debug|Any CPU
		{B803A70C-AFC5-440E-8E11-592E9B54838B}.Debug|x86.Build.0 = Debug|Any CPU
		{B803A70C-AFC5-440E-8E11-592E9B54838B}.Release|Any CPU.ActiveCfg = Release|Any CPU
		{B803A70C-AFC5-440E-8E11-592E9B54838B}.Release|Any CPU.Build.0 = Release|Any CPU
		{B803A70C-AFC5-440E-8E11-592E9B54838B}.Release|x64.ActiveCfg = Release|Any CPU
		{B803A70C-AFC5-440E-8E11-592E9B54838B}.Release|x64.Build.0 = Release|Any CPU
		{B803A70C-AFC5-440E-8E11-592E9B54838B}.Release|x86.ActiveCfg = Release|Any CPU
		{B803A70C-AFC5-440E-8E11-592E9B54838B}.Release|x86.Build.0 = Release|Any CPU
		{8E2148B0-963D-4B99-9680-C48C16CC12EB}.Debug|Any CPU.ActiveCfg = Debug|Any CPU
		{8E2148B0-963D-4B99-9680-C48C16CC12EB}.Debug|Any CPU.Build.0 = Debug|Any CPU
		{8E2148B0-963D-4B99-9680-C48C16CC12EB}.Debug|x64.ActiveCfg = Debug|Any CPU
		{8E2148B0-963D-4B99-9680-C48C16CC12EB}.Debug|x64.Build.0 = Debug|Any CPU
		{8E2148B0-963D-4B99-9680-C48C16CC12EB}.Debug|x86.ActiveCfg = Debug|Any CPU
		{8E2148B0-963D-4B99-9680-C48C16CC12EB}.Debug|x86.Build.0 = Debug|Any CPU
		{8E2148B0-963D-4B99-9680-C48C16CC12EB}.Release|Any CPU.ActiveCfg = Release|Any CPU
		{8E2148B0-963D-4B99-9680-C48C16CC12EB}.Release|Any CPU.Build.0 = Release|Any CPU
		{8E2148B0-963D-4B99-9680-C48C16CC12EB}.Release|x64.ActiveCfg = Release|Any CPU
		{8E2148B0-963D-4B99-9680-C48C16CC12EB}.Release|x64.Build.0 = Release|Any CPU
		{8E2148B0-963D-4B99-9680-C48C16CC12EB}.Release|x86.ActiveCfg = Release|Any CPU
		{8E2148B0-963D-4B99-9680-C48C16CC12EB}.Release|x86.Build.0 = Release|Any CPU
		{8DD9870E-A89F-470E-9BEE-8C95E99531A9}.Debug|Any CPU.ActiveCfg = Debug|Any CPU
		{8DD9870E-A89F-470E-9BEE-8C95E99531A9}.Debug|Any CPU.Build.0 = Debug|Any CPU
		{8DD9870E-A89F-470E-9BEE-8C95E99531A9}.Debug|x64.ActiveCfg = Debug|Any CPU
		{8DD9870E-A89F-470E-9BEE-8C95E99531A9}.Debug|x64.Build.0 = Debug|Any CPU
		{8DD9870E-A89F-470E-9BEE-8C95E99531A9}.Debug|x86.ActiveCfg = Debug|Any CPU
		{8DD9870E-A89F-470E-9BEE-8C95E99531A9}.Debug|x86.Build.0 = Debug|Any CPU
		{8DD9870E-A89F-470E-9BEE-8C95E99531A9}.Release|Any CPU.ActiveCfg = Release|Any CPU
		{8DD9870E-A89F-470E-9BEE-8C95E99531A9}.Release|Any CPU.Build.0 = Release|Any CPU
		{8DD9870E-A89F-470E-9BEE-8C95E99531A9}.Release|x64.ActiveCfg = Release|Any CPU
		{8DD9870E-A89F-470E-9BEE-8C95E99531A9}.Release|x64.Build.0 = Release|Any CPU
		{8DD9870E-A89F-470E-9BEE-8C95E99531A9}.Release|x86.ActiveCfg = Release|Any CPU
		{8DD9870E-A89F-470E-9BEE-8C95E99531A9}.Release|x86.Build.0 = Release|Any CPU
		{2BC08A28-2D52-44EA-BFB4-7C7C065FDCBF}.Debug|Any CPU.ActiveCfg = Debug|Any CPU
		{2BC08A28-2D52-44EA-BFB4-7C7C065FDCBF}.Debug|Any CPU.Build.0 = Debug|Any CPU
		{2BC08A28-2D52-44EA-BFB4-7C7C065FDCBF}.Debug|x64.ActiveCfg = Debug|Any CPU
		{2BC08A28-2D52-44EA-BFB4-7C7C065FDCBF}.Debug|x64.Build.0 = Debug|Any CPU
		{2BC08A28-2D52-44EA-BFB4-7C7C065FDCBF}.Debug|x86.ActiveCfg = Debug|Any CPU
		{2BC08A28-2D52-44EA-BFB4-7C7C065FDCBF}.Debug|x86.Build.0 = Debug|Any CPU
		{2BC08A28-2D52-44EA-BFB4-7C7C065FDCBF}.Release|Any CPU.ActiveCfg = Release|Any CPU
		{2BC08A28-2D52-44EA-BFB4-7C7C065FDCBF}.Release|Any CPU.Build.0 = Release|Any CPU
		{2BC08A28-2D52-44EA-BFB4-7C7C065FDCBF}.Release|x64.ActiveCfg = Release|Any CPU
		{2BC08A28-2D52-44EA-BFB4-7C7C065FDCBF}.Release|x64.Build.0 = Release|Any CPU
		{2BC08A28-2D52-44EA-BFB4-7C7C065FDCBF}.Release|x86.ActiveCfg = Release|Any CPU
		{2BC08A28-2D52-44EA-BFB4-7C7C065FDCBF}.Release|x86.Build.0 = Release|Any CPU
		{2BC84BD5-C34F-48FB-9127-7AD2C0155664}.Debug|Any CPU.ActiveCfg = Debug|Any CPU
		{2BC84BD5-C34F-48FB-9127-7AD2C0155664}.Debug|Any CPU.Build.0 = Debug|Any CPU
		{2BC84BD5-C34F-48FB-9127-7AD2C0155664}.Debug|x64.ActiveCfg = Debug|Any CPU
		{2BC84BD5-C34F-48FB-9127-7AD2C0155664}.Debug|x64.Build.0 = Debug|Any CPU
		{2BC84BD5-C34F-48FB-9127-7AD2C0155664}.Debug|x86.ActiveCfg = Debug|Any CPU
		{2BC84BD5-C34F-48FB-9127-7AD2C0155664}.Debug|x86.Build.0 = Debug|Any CPU
		{2BC84BD5-C34F-48FB-9127-7AD2C0155664}.Release|Any CPU.ActiveCfg = Release|Any CPU
		{2BC84BD5-C34F-48FB-9127-7AD2C0155664}.Release|Any CPU.Build.0 = Release|Any CPU
		{2BC84BD5-C34F-48FB-9127-7AD2C0155664}.Release|x64.ActiveCfg = Release|Any CPU
		{2BC84BD5-C34F-48FB-9127-7AD2C0155664}.Release|x64.Build.0 = Release|Any CPU
		{2BC84BD5-C34F-48FB-9127-7AD2C0155664}.Release|x86.ActiveCfg = Release|Any CPU
		{2BC84BD5-C34F-48FB-9127-7AD2C0155664}.Release|x86.Build.0 = Release|Any CPU
		{82BD322B-A07F-4231-A8CE-EF0F3EF2790F}.Debug|Any CPU.ActiveCfg = Debug|Any CPU
		{82BD322B-A07F-4231-A8CE-EF0F3EF2790F}.Debug|Any CPU.Build.0 = Debug|Any CPU
		{82BD322B-A07F-4231-A8CE-EF0F3EF2790F}.Debug|x64.ActiveCfg = Debug|Any CPU
		{82BD322B-A07F-4231-A8CE-EF0F3EF2790F}.Debug|x64.Build.0 = Debug|Any CPU
		{82BD322B-A07F-4231-A8CE-EF0F3EF2790F}.Debug|x86.ActiveCfg = Debug|Any CPU
		{82BD322B-A07F-4231-A8CE-EF0F3EF2790F}.Debug|x86.Build.0 = Debug|Any CPU
		{82BD322B-A07F-4231-A8CE-EF0F3EF2790F}.Release|Any CPU.ActiveCfg = Release|Any CPU
		{82BD322B-A07F-4231-A8CE-EF0F3EF2790F}.Release|Any CPU.Build.0 = Release|Any CPU
		{82BD322B-A07F-4231-A8CE-EF0F3EF2790F}.Release|x64.ActiveCfg = Release|Any CPU
		{82BD322B-A07F-4231-A8CE-EF0F3EF2790F}.Release|x64.Build.0 = Release|Any CPU
		{82BD322B-A07F-4231-A8CE-EF0F3EF2790F}.Release|x86.ActiveCfg = Release|Any CPU
		{82BD322B-A07F-4231-A8CE-EF0F3EF2790F}.Release|x86.Build.0 = Release|Any CPU
		{13943E07-113D-4233-9E68-42B602735B92}.Debug|Any CPU.ActiveCfg = Debug|Any CPU
		{13943E07-113D-4233-9E68-42B602735B92}.Debug|Any CPU.Build.0 = Debug|Any CPU
		{13943E07-113D-4233-9E68-42B602735B92}.Debug|x64.ActiveCfg = Debug|Any CPU
		{13943E07-113D-4233-9E68-42B602735B92}.Debug|x64.Build.0 = Debug|Any CPU
		{13943E07-113D-4233-9E68-42B602735B92}.Debug|x86.ActiveCfg = Debug|Any CPU
		{13943E07-113D-4233-9E68-42B602735B92}.Debug|x86.Build.0 = Debug|Any CPU
		{13943E07-113D-4233-9E68-42B602735B92}.Release|Any CPU.ActiveCfg = Release|Any CPU
		{13943E07-113D-4233-9E68-42B602735B92}.Release|Any CPU.Build.0 = Release|Any CPU
		{13943E07-113D-4233-9E68-42B602735B92}.Release|x64.ActiveCfg = Release|Any CPU
		{13943E07-113D-4233-9E68-42B602735B92}.Release|x64.Build.0 = Release|Any CPU
		{13943E07-113D-4233-9E68-42B602735B92}.Release|x86.ActiveCfg = Release|Any CPU
		{13943E07-113D-4233-9E68-42B602735B92}.Release|x86.Build.0 = Release|Any CPU
		{485D991C-F650-45F3-9C4C-A3C81EA57F2A}.Debug|Any CPU.ActiveCfg = Debug|Any CPU
		{485D991C-F650-45F3-9C4C-A3C81EA57F2A}.Debug|Any CPU.Build.0 = Debug|Any CPU
		{485D991C-F650-45F3-9C4C-A3C81EA57F2A}.Debug|x64.ActiveCfg = Debug|Any CPU
		{485D991C-F650-45F3-9C4C-A3C81EA57F2A}.Debug|x64.Build.0 = Debug|Any CPU
		{485D991C-F650-45F3-9C4C-A3C81EA57F2A}.Debug|x86.ActiveCfg = Debug|Any CPU
		{485D991C-F650-45F3-9C4C-A3C81EA57F2A}.Debug|x86.Build.0 = Debug|Any CPU
		{485D991C-F650-45F3-9C4C-A3C81EA57F2A}.Release|Any CPU.ActiveCfg = Release|Any CPU
		{485D991C-F650-45F3-9C4C-A3C81EA57F2A}.Release|Any CPU.Build.0 = Release|Any CPU
		{485D991C-F650-45F3-9C4C-A3C81EA57F2A}.Release|x64.ActiveCfg = Release|Any CPU
		{485D991C-F650-45F3-9C4C-A3C81EA57F2A}.Release|x64.Build.0 = Release|Any CPU
		{485D991C-F650-45F3-9C4C-A3C81EA57F2A}.Release|x86.ActiveCfg = Release|Any CPU
		{485D991C-F650-45F3-9C4C-A3C81EA57F2A}.Release|x86.Build.0 = Release|Any CPU
		{691F5B61-BF11-4B4E-A2B2-08F8B6EFBCEE}.Debug|Any CPU.ActiveCfg = Debug|Any CPU
		{691F5B61-BF11-4B4E-A2B2-08F8B6EFBCEE}.Debug|Any CPU.Build.0 = Debug|Any CPU
		{691F5B61-BF11-4B4E-A2B2-08F8B6EFBCEE}.Debug|x64.ActiveCfg = Debug|Any CPU
		{691F5B61-BF11-4B4E-A2B2-08F8B6EFBCEE}.Debug|x64.Build.0 = Debug|Any CPU
		{691F5B61-BF11-4B4E-A2B2-08F8B6EFBCEE}.Debug|x86.ActiveCfg = Debug|Any CPU
		{691F5B61-BF11-4B4E-A2B2-08F8B6EFBCEE}.Debug|x86.Build.0 = Debug|Any CPU
		{691F5B61-BF11-4B4E-A2B2-08F8B6EFBCEE}.Release|Any CPU.ActiveCfg = Release|Any CPU
		{691F5B61-BF11-4B4E-A2B2-08F8B6EFBCEE}.Release|Any CPU.Build.0 = Release|Any CPU
		{691F5B61-BF11-4B4E-A2B2-08F8B6EFBCEE}.Release|x64.ActiveCfg = Release|Any CPU
		{691F5B61-BF11-4B4E-A2B2-08F8B6EFBCEE}.Release|x64.Build.0 = Release|Any CPU
		{691F5B61-BF11-4B4E-A2B2-08F8B6EFBCEE}.Release|x86.ActiveCfg = Release|Any CPU
		{691F5B61-BF11-4B4E-A2B2-08F8B6EFBCEE}.Release|x86.Build.0 = Release|Any CPU
		{B09BD43D-F966-49A7-85D0-6D63B822E9F5}.Debug|Any CPU.ActiveCfg = Debug|Any CPU
		{B09BD43D-F966-49A7-85D0-6D63B822E9F5}.Debug|Any CPU.Build.0 = Debug|Any CPU
		{B09BD43D-F966-49A7-85D0-6D63B822E9F5}.Debug|x64.ActiveCfg = Debug|Any CPU
		{B09BD43D-F966-49A7-85D0-6D63B822E9F5}.Debug|x64.Build.0 = Debug|Any CPU
		{B09BD43D-F966-49A7-85D0-6D63B822E9F5}.Debug|x86.ActiveCfg = Debug|Any CPU
		{B09BD43D-F966-49A7-85D0-6D63B822E9F5}.Debug|x86.Build.0 = Debug|Any CPU
		{B09BD43D-F966-49A7-85D0-6D63B822E9F5}.Release|Any CPU.ActiveCfg = Release|Any CPU
		{B09BD43D-F966-49A7-85D0-6D63B822E9F5}.Release|Any CPU.Build.0 = Release|Any CPU
		{B09BD43D-F966-49A7-85D0-6D63B822E9F5}.Release|x64.ActiveCfg = Release|Any CPU
		{B09BD43D-F966-49A7-85D0-6D63B822E9F5}.Release|x64.Build.0 = Release|Any CPU
		{B09BD43D-F966-49A7-85D0-6D63B822E9F5}.Release|x86.ActiveCfg = Release|Any CPU
		{B09BD43D-F966-49A7-85D0-6D63B822E9F5}.Release|x86.Build.0 = Release|Any CPU
		{A9D979F1-6BAE-41BD-9CBD-9422346EE46A}.Debug|Any CPU.ActiveCfg = Debug|Any CPU
		{A9D979F1-6BAE-41BD-9CBD-9422346EE46A}.Debug|Any CPU.Build.0 = Debug|Any CPU
		{A9D979F1-6BAE-41BD-9CBD-9422346EE46A}.Debug|x64.ActiveCfg = Debug|Any CPU
		{A9D979F1-6BAE-41BD-9CBD-9422346EE46A}.Debug|x64.Build.0 = Debug|Any CPU
		{A9D979F1-6BAE-41BD-9CBD-9422346EE46A}.Debug|x86.ActiveCfg = Debug|Any CPU
		{A9D979F1-6BAE-41BD-9CBD-9422346EE46A}.Debug|x86.Build.0 = Debug|Any CPU
		{A9D979F1-6BAE-41BD-9CBD-9422346EE46A}.Release|Any CPU.ActiveCfg = Release|Any CPU
		{A9D979F1-6BAE-41BD-9CBD-9422346EE46A}.Release|Any CPU.Build.0 = Release|Any CPU
		{A9D979F1-6BAE-41BD-9CBD-9422346EE46A}.Release|x64.ActiveCfg = Release|Any CPU
		{A9D979F1-6BAE-41BD-9CBD-9422346EE46A}.Release|x64.Build.0 = Release|Any CPU
		{A9D979F1-6BAE-41BD-9CBD-9422346EE46A}.Release|x86.ActiveCfg = Release|Any CPU
		{A9D979F1-6BAE-41BD-9CBD-9422346EE46A}.Release|x86.Build.0 = Release|Any CPU
		{098B6D1A-D7DA-4158-99C9-7F46CEC007BC}.Debug|Any CPU.ActiveCfg = Debug|Any CPU
		{098B6D1A-D7DA-4158-99C9-7F46CEC007BC}.Debug|Any CPU.Build.0 = Debug|Any CPU
		{098B6D1A-D7DA-4158-99C9-7F46CEC007BC}.Debug|x64.ActiveCfg = Debug|Any CPU
		{098B6D1A-D7DA-4158-99C9-7F46CEC007BC}.Debug|x64.Build.0 = Debug|Any CPU
		{098B6D1A-D7DA-4158-99C9-7F46CEC007BC}.Debug|x86.ActiveCfg = Debug|Any CPU
		{098B6D1A-D7DA-4158-99C9-7F46CEC007BC}.Debug|x86.Build.0 = Debug|Any CPU
		{098B6D1A-D7DA-4158-99C9-7F46CEC007BC}.Release|Any CPU.ActiveCfg = Release|Any CPU
		{098B6D1A-D7DA-4158-99C9-7F46CEC007BC}.Release|Any CPU.Build.0 = Release|Any CPU
		{098B6D1A-D7DA-4158-99C9-7F46CEC007BC}.Release|x64.ActiveCfg = Release|Any CPU
		{098B6D1A-D7DA-4158-99C9-7F46CEC007BC}.Release|x64.Build.0 = Release|Any CPU
		{098B6D1A-D7DA-4158-99C9-7F46CEC007BC}.Release|x86.ActiveCfg = Release|Any CPU
		{098B6D1A-D7DA-4158-99C9-7F46CEC007BC}.Release|x86.Build.0 = Release|Any CPU
		{E6DC3623-3C96-403B-9E91-21F678C8D981}.Debug|Any CPU.ActiveCfg = Debug|Any CPU
		{E6DC3623-3C96-403B-9E91-21F678C8D981}.Debug|Any CPU.Build.0 = Debug|Any CPU
		{E6DC3623-3C96-403B-9E91-21F678C8D981}.Debug|x64.ActiveCfg = Debug|Any CPU
		{E6DC3623-3C96-403B-9E91-21F678C8D981}.Debug|x64.Build.0 = Debug|Any CPU
		{E6DC3623-3C96-403B-9E91-21F678C8D981}.Debug|x86.ActiveCfg = Debug|Any CPU
		{E6DC3623-3C96-403B-9E91-21F678C8D981}.Debug|x86.Build.0 = Debug|Any CPU
		{E6DC3623-3C96-403B-9E91-21F678C8D981}.Release|Any CPU.ActiveCfg = Release|Any CPU
		{E6DC3623-3C96-403B-9E91-21F678C8D981}.Release|Any CPU.Build.0 = Release|Any CPU
		{E6DC3623-3C96-403B-9E91-21F678C8D981}.Release|x64.ActiveCfg = Release|Any CPU
		{E6DC3623-3C96-403B-9E91-21F678C8D981}.Release|x64.Build.0 = Release|Any CPU
		{E6DC3623-3C96-403B-9E91-21F678C8D981}.Release|x86.ActiveCfg = Release|Any CPU
		{E6DC3623-3C96-403B-9E91-21F678C8D981}.Release|x86.Build.0 = Release|Any CPU
		{4EF9507D-A334-4E39-9CD5-F6FFEE2CCF14}.Debug|Any CPU.ActiveCfg = Debug|Any CPU
		{4EF9507D-A334-4E39-9CD5-F6FFEE2CCF14}.Debug|Any CPU.Build.0 = Debug|Any CPU
		{4EF9507D-A334-4E39-9CD5-F6FFEE2CCF14}.Debug|x64.ActiveCfg = Debug|Any CPU
		{4EF9507D-A334-4E39-9CD5-F6FFEE2CCF14}.Debug|x64.Build.0 = Debug|Any CPU
		{4EF9507D-A334-4E39-9CD5-F6FFEE2CCF14}.Debug|x86.ActiveCfg = Debug|Any CPU
		{4EF9507D-A334-4E39-9CD5-F6FFEE2CCF14}.Debug|x86.Build.0 = Debug|Any CPU
		{4EF9507D-A334-4E39-9CD5-F6FFEE2CCF14}.Release|Any CPU.ActiveCfg = Release|Any CPU
		{4EF9507D-A334-4E39-9CD5-F6FFEE2CCF14}.Release|Any CPU.Build.0 = Release|Any CPU
		{4EF9507D-A334-4E39-9CD5-F6FFEE2CCF14}.Release|x64.ActiveCfg = Release|Any CPU
		{4EF9507D-A334-4E39-9CD5-F6FFEE2CCF14}.Release|x64.Build.0 = Release|Any CPU
		{4EF9507D-A334-4E39-9CD5-F6FFEE2CCF14}.Release|x86.ActiveCfg = Release|Any CPU
		{4EF9507D-A334-4E39-9CD5-F6FFEE2CCF14}.Release|x86.Build.0 = Release|Any CPU
		{736DD9AB-7F2F-41F9-8BA7-4C0E692B72BB}.Debug|Any CPU.ActiveCfg = Debug|Any CPU
		{736DD9AB-7F2F-41F9-8BA7-4C0E692B72BB}.Debug|Any CPU.Build.0 = Debug|Any CPU
		{736DD9AB-7F2F-41F9-8BA7-4C0E692B72BB}.Debug|x64.ActiveCfg = Debug|Any CPU
		{736DD9AB-7F2F-41F9-8BA7-4C0E692B72BB}.Debug|x64.Build.0 = Debug|Any CPU
		{736DD9AB-7F2F-41F9-8BA7-4C0E692B72BB}.Debug|x86.ActiveCfg = Debug|Any CPU
		{736DD9AB-7F2F-41F9-8BA7-4C0E692B72BB}.Debug|x86.Build.0 = Debug|Any CPU
		{736DD9AB-7F2F-41F9-8BA7-4C0E692B72BB}.Release|Any CPU.ActiveCfg = Release|Any CPU
		{736DD9AB-7F2F-41F9-8BA7-4C0E692B72BB}.Release|Any CPU.Build.0 = Release|Any CPU
		{736DD9AB-7F2F-41F9-8BA7-4C0E692B72BB}.Release|x64.ActiveCfg = Release|Any CPU
		{736DD9AB-7F2F-41F9-8BA7-4C0E692B72BB}.Release|x64.Build.0 = Release|Any CPU
		{736DD9AB-7F2F-41F9-8BA7-4C0E692B72BB}.Release|x86.ActiveCfg = Release|Any CPU
		{736DD9AB-7F2F-41F9-8BA7-4C0E692B72BB}.Release|x86.Build.0 = Release|Any CPU
		{67AA0872-4F6D-4752-BB4F-8FD442C095B4}.Debug|Any CPU.ActiveCfg = Debug|Any CPU
		{67AA0872-4F6D-4752-BB4F-8FD442C095B4}.Debug|Any CPU.Build.0 = Debug|Any CPU
		{67AA0872-4F6D-4752-BB4F-8FD442C095B4}.Debug|x64.ActiveCfg = Debug|Any CPU
		{67AA0872-4F6D-4752-BB4F-8FD442C095B4}.Debug|x64.Build.0 = Debug|Any CPU
		{67AA0872-4F6D-4752-BB4F-8FD442C095B4}.Debug|x86.ActiveCfg = Debug|Any CPU
		{67AA0872-4F6D-4752-BB4F-8FD442C095B4}.Debug|x86.Build.0 = Debug|Any CPU
		{67AA0872-4F6D-4752-BB4F-8FD442C095B4}.Release|Any CPU.ActiveCfg = Release|Any CPU
		{67AA0872-4F6D-4752-BB4F-8FD442C095B4}.Release|Any CPU.Build.0 = Release|Any CPU
		{67AA0872-4F6D-4752-BB4F-8FD442C095B4}.Release|x64.ActiveCfg = Release|Any CPU
		{67AA0872-4F6D-4752-BB4F-8FD442C095B4}.Release|x64.Build.0 = Release|Any CPU
		{67AA0872-4F6D-4752-BB4F-8FD442C095B4}.Release|x86.ActiveCfg = Release|Any CPU
		{67AA0872-4F6D-4752-BB4F-8FD442C095B4}.Release|x86.Build.0 = Release|Any CPU
		{CAA8BC9F-2522-464C-BFFE-5DA3CD9FEA9E}.Debug|Any CPU.ActiveCfg = Debug|Any CPU
		{CAA8BC9F-2522-464C-BFFE-5DA3CD9FEA9E}.Debug|Any CPU.Build.0 = Debug|Any CPU
		{CAA8BC9F-2522-464C-BFFE-5DA3CD9FEA9E}.Debug|x64.ActiveCfg = Debug|Any CPU
		{CAA8BC9F-2522-464C-BFFE-5DA3CD9FEA9E}.Debug|x64.Build.0 = Debug|Any CPU
		{CAA8BC9F-2522-464C-BFFE-5DA3CD9FEA9E}.Debug|x86.ActiveCfg = Debug|Any CPU
		{CAA8BC9F-2522-464C-BFFE-5DA3CD9FEA9E}.Debug|x86.Build.0 = Debug|Any CPU
		{CAA8BC9F-2522-464C-BFFE-5DA3CD9FEA9E}.Release|Any CPU.ActiveCfg = Release|Any CPU
		{CAA8BC9F-2522-464C-BFFE-5DA3CD9FEA9E}.Release|Any CPU.Build.0 = Release|Any CPU
		{CAA8BC9F-2522-464C-BFFE-5DA3CD9FEA9E}.Release|x64.ActiveCfg = Release|Any CPU
		{CAA8BC9F-2522-464C-BFFE-5DA3CD9FEA9E}.Release|x64.Build.0 = Release|Any CPU
		{CAA8BC9F-2522-464C-BFFE-5DA3CD9FEA9E}.Release|x86.ActiveCfg = Release|Any CPU
		{CAA8BC9F-2522-464C-BFFE-5DA3CD9FEA9E}.Release|x86.Build.0 = Release|Any CPU
		{DEADEDB9-02E4-402D-8570-38B968EEB517}.Debug|Any CPU.ActiveCfg = Debug|Any CPU
		{DEADEDB9-02E4-402D-8570-38B968EEB517}.Debug|Any CPU.Build.0 = Debug|Any CPU
		{DEADEDB9-02E4-402D-8570-38B968EEB517}.Debug|x64.ActiveCfg = Debug|Any CPU
		{DEADEDB9-02E4-402D-8570-38B968EEB517}.Debug|x64.Build.0 = Debug|Any CPU
		{DEADEDB9-02E4-402D-8570-38B968EEB517}.Debug|x86.ActiveCfg = Debug|Any CPU
		{DEADEDB9-02E4-402D-8570-38B968EEB517}.Debug|x86.Build.0 = Debug|Any CPU
		{DEADEDB9-02E4-402D-8570-38B968EEB517}.Release|Any CPU.ActiveCfg = Release|Any CPU
		{DEADEDB9-02E4-402D-8570-38B968EEB517}.Release|Any CPU.Build.0 = Release|Any CPU
		{DEADEDB9-02E4-402D-8570-38B968EEB517}.Release|x64.ActiveCfg = Release|Any CPU
		{DEADEDB9-02E4-402D-8570-38B968EEB517}.Release|x64.Build.0 = Release|Any CPU
		{DEADEDB9-02E4-402D-8570-38B968EEB517}.Release|x86.ActiveCfg = Release|Any CPU
		{DEADEDB9-02E4-402D-8570-38B968EEB517}.Release|x86.Build.0 = Release|Any CPU
		{F084D4FA-1484-4CEE-9197-29ABAB8CCD31}.Debug|Any CPU.ActiveCfg = Debug|Any CPU
		{F084D4FA-1484-4CEE-9197-29ABAB8CCD31}.Debug|Any CPU.Build.0 = Debug|Any CPU
		{F084D4FA-1484-4CEE-9197-29ABAB8CCD31}.Debug|x64.ActiveCfg = Debug|Any CPU
		{F084D4FA-1484-4CEE-9197-29ABAB8CCD31}.Debug|x64.Build.0 = Debug|Any CPU
		{F084D4FA-1484-4CEE-9197-29ABAB8CCD31}.Debug|x86.ActiveCfg = Debug|Any CPU
		{F084D4FA-1484-4CEE-9197-29ABAB8CCD31}.Debug|x86.Build.0 = Debug|Any CPU
		{F084D4FA-1484-4CEE-9197-29ABAB8CCD31}.Release|Any CPU.ActiveCfg = Release|Any CPU
		{F084D4FA-1484-4CEE-9197-29ABAB8CCD31}.Release|Any CPU.Build.0 = Release|Any CPU
		{F084D4FA-1484-4CEE-9197-29ABAB8CCD31}.Release|x64.ActiveCfg = Release|Any CPU
		{F084D4FA-1484-4CEE-9197-29ABAB8CCD31}.Release|x64.Build.0 = Release|Any CPU
		{F084D4FA-1484-4CEE-9197-29ABAB8CCD31}.Release|x86.ActiveCfg = Release|Any CPU
		{F084D4FA-1484-4CEE-9197-29ABAB8CCD31}.Release|x86.Build.0 = Release|Any CPU
	EndGlobalSection
	GlobalSection(SolutionProperties) = preSolution
		HideSolutionNode = FALSE
	EndGlobalSection
	GlobalSection(NestedProjects) = preSolution
		{31D5C759-9373-480D-A42D-F18F0D2CE159} = {B8A4982C-E434-4B1B-B238-94865DB4E752}
		{6637359A-CC06-425A-9AEA-450672A0814D} = {B8A4982C-E434-4B1B-B238-94865DB4E752}
		{7A0D6962-EB96-482F-BD3E-31ADE82ED283} = {B8A4982C-E434-4B1B-B238-94865DB4E752}
		{37F3F92F-3EE3-4D27-881B-FF7ED88208E3} = {B8A4982C-E434-4B1B-B238-94865DB4E752}
		{B1B2B34A-84D8-47EB-A372-943B41430498} = {B8A4982C-E434-4B1B-B238-94865DB4E752}
		{91FB7FB9-4FD3-423E-80F9-A9FA903AF259} = {B8A4982C-E434-4B1B-B238-94865DB4E752}
		{8E2148B0-963D-4B99-9680-C48C16CC12EB} = {B8A4982C-E434-4B1B-B238-94865DB4E752}
		{8DD9870E-A89F-470E-9BEE-8C95E99531A9} = {B8A4982C-E434-4B1B-B238-94865DB4E752}
		{2BC84BD5-C34F-48FB-9127-7AD2C0155664} = {B8A4982C-E434-4B1B-B238-94865DB4E752}
		{82BD322B-A07F-4231-A8CE-EF0F3EF2790F} = {B8A4982C-E434-4B1B-B238-94865DB4E752}
		{13943E07-113D-4233-9E68-42B602735B92} = {B8A4982C-E434-4B1B-B238-94865DB4E752}
		{485D991C-F650-45F3-9C4C-A3C81EA57F2A} = {B8A4982C-E434-4B1B-B238-94865DB4E752}
		{691F5B61-BF11-4B4E-A2B2-08F8B6EFBCEE} = {B8A4982C-E434-4B1B-B238-94865DB4E752}
		{B09BD43D-F966-49A7-85D0-6D63B822E9F5} = {B8A4982C-E434-4B1B-B238-94865DB4E752}
		{A9D979F1-6BAE-41BD-9CBD-9422346EE46A} = {B8A4982C-E434-4B1B-B238-94865DB4E752}
		{098B6D1A-D7DA-4158-99C9-7F46CEC007BC} = {B8A4982C-E434-4B1B-B238-94865DB4E752}
		{E6DC3623-3C96-403B-9E91-21F678C8D981} = {B8A4982C-E434-4B1B-B238-94865DB4E752}
		{4EF9507D-A334-4E39-9CD5-F6FFEE2CCF14} = {B8A4982C-E434-4B1B-B238-94865DB4E752}
		{736DD9AB-7F2F-41F9-8BA7-4C0E692B72BB} = {B8A4982C-E434-4B1B-B238-94865DB4E752}
		{67AA0872-4F6D-4752-BB4F-8FD442C095B4} = {B8A4982C-E434-4B1B-B238-94865DB4E752}
		{CAA8BC9F-2522-464C-BFFE-5DA3CD9FEA9E} = {B8A4982C-E434-4B1B-B238-94865DB4E752}
		{F084D4FA-1484-4CEE-9197-29ABAB8CCD31} = {B8A4982C-E434-4B1B-B238-94865DB4E752}
	EndGlobalSection
	GlobalSection(ExtensibilityGlobals) = postSolution
		SolutionGuid = {05C0A243-8927-478E-8584-768D0550E9CD}
	EndGlobalSection
EndGlobal
